
Microsoft Visual Studio Solution File, Format Version 12.00
# Visual Studio Version 17
VisualStudioVersion = 17.11.35303.130
MinimumVisualStudioVersion = 10.0.40219.1
Project("{FAE04EC0-301F-11D3-BF4B-00C04F79EFBC}") = "LibraryManagementSystem", "LibraryManagementSystem\LibraryManagementSystem.csproj", "{3E60A59A-19B7-40E1-BD79-121F6C2084CA}"
EndProject
Global
	GlobalSection(SolutionConfigurationPlatforms) = preSolution
		Debug|Any CPU = Debug|Any CPU
		Release|Any CPU = Release|Any CPU
	EndGlobalSection
	GlobalSection(ProjectConfigurationPlatforms) = postSolution
		{3E60A59A-19B7-40E1-BD79-121F6C2084CA}.Debug|Any CPU.ActiveCfg = Debug|Any CPU
		{3E60A59A-19B7-40E1-BD79-121F6C2084CA}.Debug|Any CPU.Build.0 = Debug|Any CPU
		{3E60A59A-19B7-40E1-BD79-121F6C2084CA}.Release|Any CPU.ActiveCfg = Release|Any CPU
		{3E60A59A-19B7-40E1-BD79-121F6C2084CA}.Release|Any CPU.Build.0 = Release|Any CPU
	EndGlobalSection
	GlobalSection(SolutionProperties) = preSolution
		HideSolutionNode = FALSE
	EndGlobalSection
	GlobalSection(ExtensibilityGlobals) = postSolution
		SolutionGuid = {BEBA8BD3-3F5D-490B-AA95-2D1B4AB595D4}
	EndGlobalSection
EndGlobal
